// !$*UTF8*$!
{
	archiveVersion = 1;
	classes = {
	};
	objectVersion = 46;
	objects = {

/* Begin PBXBuildFile section */
		9F167FC31D086BEE006BBC44 /* main.m in Sources */ = {isa = PBXBuildFile; fileRef = 9F167FC21D086BEE006BBC44 /* main.m */; };
		9F167FC61D086BEE006BBC44 /* AppDelegate.m in Sources */ = {isa = PBXBuildFile; fileRef = 9F167FC51D086BEE006BBC44 /* AppDelegate.m */; };
		9F167FC91D086BEE006BBC44 /* ViewController.m in Sources */ = {isa = PBXBuildFile; fileRef = 9F167FC81D086BEE006BBC44 /* ViewController.m */; };
		9F167FCC1D086BEE006BBC44 /* Main.storyboard in Resources */ = {isa = PBXBuildFile; fileRef = 9F167FCA1D086BEE006BBC44 /* Main.storyboard */; };
		9F167FCE1D086BEE006BBC44 /* Assets.xcassets in Resources */ = {isa = PBXBuildFile; fileRef = 9F167FCD1D086BEE006BBC44 /* Assets.xcassets */; };
		9F167FD11D086BEE006BBC44 /* LaunchScreen.storyboard in Resources */ = {isa = PBXBuildFile; fileRef = 9F167FCF1D086BEE006BBC44 /* LaunchScreen.storyboard */; };
/* End PBXBuildFile section */

/* Begin PBXFileReference section */
		9F167FBE1D086BEE006BBC44 /* barCoda.app */ = {isa = PBXFileReference; explicitFileType = wrapper.application; includeInIndex = 0; path = barCoda.app; sourceTree = BUILT_PRODUCTS_DIR; };
		9F167FC21D086BEE006BBC44 /* main.m */ = {isa = PBXFileReference; lastKnownFileType = sourcecode.c.objc; path = main.m; sourceTree = "<group>"; };
		9F167FC41D086BEE006BBC44 /* AppDelegate.h */ = {isa = PBXFileReference; lastKnownFileType = sourcecode.c.h; path = AppDelegate.h; sourceTree = "<group>"; };
		9F167FC51D086BEE006BBC44 /* AppDelegate.m */ = {isa = PBXFileReference; lastKnownFileType = sourcecode.c.objc; path = AppDelegate.m; sourceTree = "<group>"; };
		9F167FC71D086BEE006BBC44 /* ViewController.h */ = {isa = PBXFileReference; lastKnownFileType = sourcecode.c.h; path = ViewController.h; sourceTree = "<group>"; };
		9F167FC81D086BEE006BBC44 /* ViewController.m */ = {isa = PBXFileReference; lastKnownFileType = sourcecode.c.objc; path = ViewController.m; sourceTree = "<group>"; };
		9F167FCB1D086BEE006BBC44 /* Base */ = {isa = PBXFileReference; lastKnownFileType = file.storyboard; name = Base; path = Base.lproj/Main.storyboard; sourceTree = "<group>"; };
		9F167FCD1D086BEE006BBC44 /* Assets.xcassets */ = {isa = PBXFileReference; lastKnownFileType = folder.assetcatalog; path = Assets.xcassets; sourceTree = "<group>"; };
		9F167FD01D086BEE006BBC44 /* Base */ = {isa = PBXFileReference; lastKnownFileType = file.storyboard; name = Base; path = Base.lproj/LaunchScreen.storyboard; sourceTree = "<group>"; };
		9F167FD21D086BEE006BBC44 /* Info.plist */ = {isa = PBXFileReference; lastKnownFileType = text.plist.xml; path = Info.plist; sourceTree = "<group>"; };
/* End PBXFileReference section */

/* Begin PBXFrameworksBuildPhase section */
		9F167FBB1D086BEE006BBC44 /* Frameworks */ = {
			isa = PBXFrameworksBuildPhase;
			buildActionMask = 2147483647;
			files = (
			);
			runOnlyForDeploymentPostprocessing = 0;
		};
/* End PBXFrameworksBuildPhase section */

/* Begin PBXGroup section */
		9F167FB51D086BEE006BBC44 = {
			isa = PBXGroup;
			children = (
				9F167FC01D086BEE006BBC44 /* barCoda */,
				9F167FBF1D086BEE006BBC44 /* Products */,
			);
			sourceTree = "<group>";
		};
		9F167FBF1D086BEE006BBC44 /* Products */ = {
			isa = PBXGroup;
			children = (
				9F167FBE1D086BEE006BBC44 /* barCoda.app */,
			);
			name = Products;
			sourceTree = "<group>";
		};
		9F167FC01D086BEE006BBC44 /* barCoda */ = {
			isa = PBXGroup;
			children = (
				9F167FC41D086BEE006BBC44 /* AppDelegate.h */,
				9F167FC51D086BEE006BBC44 /* AppDelegate.m */,
				9F167FC71D086BEE006BBC44 /* ViewController.h */,
				9F167FC81D086BEE006BBC44 /* ViewController.m */,
				9F167FCA1D086BEE006BBC44 /* Main.storyboard */,
				9F167FCD1D086BEE006BBC44 /* Assets.xcassets */,
				9F167FCF1D086BEE006BBC44 /* LaunchScreen.storyboard */,
				9F167FD21D086BEE006BBC44 /* Info.plist */,
				9F167FC11D086BEE006BBC44 /* Supporting Files */,
			);
			path = barCoda;
			sourceTree = "<group>";
		};
		9F167FC11D086BEE006BBC44 /* Supporting Files */ = {
			isa = PBXGroup;
			children = (
				9F167FC21D086BEE006BBC44 /* main.m */,
			);
			name = "Supporting Files";
			sourceTree = "<group>";
		};
/* End PBXGroup section */

/* Begin PBXNativeTarget section */
		9F167FBD1D086BEE006BBC44 /* barCoda */ = {
			isa = PBXNativeTarget;
			buildConfigurationList = 9F167FD51D086BEE006BBC44 /* Build configuration list for PBXNativeTarget "barCoda" */;
			buildPhases = (
				9F167FBA1D086BEE006BBC44 /* Sources */,
				9F167FBB1D086BEE006BBC44 /* Frameworks */,
				9F167FBC1D086BEE006BBC44 /* Resources */,
			);
			buildRules = (
			);
			dependencies = (
			);
			name = barCoda;
			productName = barCoda;
			productReference = 9F167FBE1D086BEE006BBC44 /* barCoda.app */;
			productType = "com.apple.product-type.application";
		};
/* End PBXNativeTarget section */

/* Begin PBXProject section */
		9F167FB61D086BEE006BBC44 /* Project object */ = {
			isa = PBXProject;
			attributes = {
				LastUpgradeCheck = 0730;
				ORGANIZATIONNAME = "Allen Spicer";
				TargetAttributes = {
					9F167FBD1D086BEE006BBC44 = {
						CreatedOnToolsVersion = 7.3;
						DevelopmentTeam = QS2H85Z9GF;
					};
				};
			};
			buildConfigurationList = 9F167FB91D086BEE006BBC44 /* Build configuration list for PBXProject "barCoda" */;
			compatibilityVersion = "Xcode 3.2";
			developmentRegion = English;
			hasScannedForEncodings = 0;
			knownRegions = (
				en,
				Base,
			);
			mainGroup = 9F167FB51D086BEE006BBC44;
			productRefGroup = 9F167FBF1D086BEE006BBC44 /* Products */;
			projectDirPath = "";
			projectRoot = "";
			targets = (
				9F167FBD1D086BEE006BBC44 /* barCoda */,
			);
		};
/* End PBXProject section */

/* Begin PBXResourcesBuildPhase section */
		9F167FBC1D086BEE006BBC44 /* Resources */ = {
			isa = PBXResourcesBuildPhase;
			buildActionMask = 2147483647;
			files = (
				9F167FD11D086BEE006BBC44 /* LaunchScreen.storyboard in Resources */,
				9F167FCE1D086BEE006BBC44 /* Assets.xcassets in Resources */,
				9F167FCC1D086BEE006BBC44 /* Main.storyboard in Resources */,
			);
			runOnlyForDeploymentPostprocessing = 0;
		};
/* End PBXResourcesBuildPhase section */

/* Begin PBXSourcesBuildPhase section */
		9F167FBA1D086BEE006BBC44 /* Sources */ = {
			isa = PBXSourcesBuildPhase;
			buildActionMask = 2147483647;
			files = (
				9F167FC91D086BEE006BBC44 /* ViewController.m in Sources */,
				9F167FC61D086BEE006BBC44 /* AppDelegate.m in Sources */,
				9F167FC31D086BEE006BBC44 /* main.m in Sources */,
			);
			runOnlyForDeploymentPostprocessing = 0;
		};
/* End PBXSourcesBuildPhase section */

/* Begin PBXVariantGroup section */
		9F167FCA1D086BEE006BBC44 /* Main.storyboard */ = {
			isa = PBXVariantGroup;
			children = (
				9F167FCB1D086BEE006BBC44 /* Base */,
			);
			name = Main.storyboard;
			sourceTree = "<group>";
		};
		9F167FCF1D086BEE006BBC44 /* LaunchScreen.storyboard */ = {
			isa = PBXVariantGroup;
			children = (
				9F167FD01D086BEE006BBC44 /* Base */,
			);
			name = LaunchScreen.storyboard;
			sourceTree = "<group>";
		};
/* End PBXVariantGroup section */

/* Begin XCBuildConfiguration section */
		9F167FD31D086BEE006BBC44 /* Debug */ = {
			isa = XCBuildConfiguration;
			buildSettings = {
				ALWAYS_SEARCH_USER_PATHS = NO;
				CLANG_ANALYZER_NONNULL = YES;
				CLANG_CXX_LANGUAGE_STANDARD = "gnu++0x";
				CLANG_CXX_LIBRARY = "libc++";
				CLANG_ENABLE_MODULES = YES;
				CLANG_ENABLE_OBJC_ARC = YES;
				CLANG_WARN_BOOL_CONVERSION = YES;
				CLANG_WARN_CONSTANT_CONVERSION = YES;
				CLANG_WARN_DIRECT_OBJC_ISA_USAGE = YES_ERROR;
				CLANG_WARN_EMPTY_BODY = YES;
				CLANG_WARN_ENUM_CONVERSION = YES;
				CLANG_WARN_INT_CONVERSION = YES;
				CLANG_WARN_OBJC_ROOT_CLASS = YES_ERROR;
				CLANG_WARN_UNREACHABLE_CODE = YES;
				CLANG_WARN__DUPLICATE_METHOD_MATCH = YES;
				"CODE_SIGN_IDENTITY[sdk=iphoneos*]" = "iPhone Developer";
				COPY_PHASE_STRIP = NO;
				DEBUG_INFORMATION_FORMAT = dwarf;
				ENABLE_STRICT_OBJC_MSGSEND = YES;
				ENABLE_TESTABILITY = YES;
				GCC_C_LANGUAGE_STANDARD = gnu99;
				GCC_DYNAMIC_NO_PIC = NO;
				GCC_NO_COMMON_BLOCKS = YES;
				GCC_OPTIMIZATION_LEVEL = 0;
				GCC_PREPROCESSOR_DEFINITIONS = (
					"DEBUG=1",
					"$(inherited)",
				);
				GCC_WARN_64_TO_32_BIT_CONVERSION = YES;
				GCC_WARN_ABOUT_RETURN_TYPE = YES_ERROR;
				GCC_WARN_UNDECLARED_SELECTOR = YES;
				GCC_WARN_UNINITIALIZED_AUTOS = YES_AGGRESSIVE;
				GCC_WARN_UNUSED_FUNCTION = YES;
				GCC_WARN_UNUSED_VARIABLE = YES;
				IPHONEOS_DEPLOYMENT_TARGET = 9.3;
				MTL_ENABLE_DEBUG_INFO = YES;
				ONLY_ACTIVE_ARCH = YES;
				SDKROOT = iphoneos;
				TARGETED_DEVICE_FAMILY = "1,2";
			};
			name = Debug;
		};
		9F167FD41D086BEE006BBC44 /* Release */ = {
			isa = XCBuildConfiguration;
			buildSettings = {
				ALWAYS_SEARCH_USER_PATHS = NO;
				CLANG_ANALYZER_NONNULL = YES;
				CLANG_CXX_LANGUAGE_STANDARD = "gnu++0x";
				CLANG_CXX_LIBRARY = "libc++";
				CLANG_ENABLE_MODULES = YES;
				CLANG_ENABLE_OBJC_ARC = YES;
				CLANG_WARN_BOOL_CONVERSION = YES;
				CLANG_WARN_CONSTANT_CONVERSION = YES;
				CLANG_WARN_DIRECT_OBJC_ISA_USAGE = YES_ERROR;
				CLANG_WARN_EMPTY_BODY = YES;
				CLANG_WARN_ENUM_CONVERSION = YES;
				CLANG_WARN_INT_CONVERSION = YES;
				CLANG_WARN_OBJC_ROOT_CLASS = YES_ERROR;
				CLANG_WARN_UNREACHABLE_CODE = YES;
				CLANG_WARN__DUPLICATE_METHOD_MATCH = YES;
				"CODE_SIGN_IDENTITY[sdk=iphoneos*]" = "iPhone Developer";
				COPY_PHASE_STRIP = NO;
				DEBUG_INFORMATION_FORMAT = "dwarf-with-dsym";
				ENABLE_NS_ASSERTIONS = NO;
				ENABLE_STRICT_OBJC_MSGSEND = YES;
				GCC_C_LANGUAGE_STANDARD = gnu99;
				GCC_NO_COMMON_BLOCKS = YES;
				GCC_WARN_64_TO_32_BIT_CONVERSION = YES;
				GCC_WARN_ABOUT_RETURN_TYPE = YES_ERROR;
				GCC_WARN_UNDECLARED_SELECTOR = YES;
				GCC_WARN_UNINITIALIZED_AUTOS = YES_AGGRESSIVE;
				GCC_WARN_UNUSED_FUNCTION = YES;
				GCC_WARN_UNUSED_VARIABLE = YES;
				IPHONEOS_DEPLOYMENT_TARGET = 9.3;
				MTL_ENABLE_DEBUG_INFO = NO;
				SDKROOT = iphoneos;
				TARGETED_DEVICE_FAMILY = "1,2";
				VALIDATE_PRODUCT = YES;
			};
			name = Release;
		};
		9F167FD61D086BEE006BBC44 /* Debug */ = {
			isa = XCBuildConfiguration;
			buildSettings = {
				ASSETCATALOG_COMPILER_APPICON_NAME = AppIcon;
				INFOPLIST_FILE = barCoda/Info.plist;
				LD_RUNPATH_SEARCH_PATHS = "$(inherited) @executable_path/Frameworks";
				PRODUCT_BUNDLE_IDENTIFIER = com.Trial.barCoda;
				PRODUCT_NAME = "$(TARGET_NAME)";
			};
			name = Debug;
		};
		9F167FD71D086BEE006BBC44 /* Release */ = {
			isa = XCBuildConfiguration;
			buildSettings = {
				ASSETCATALOG_COMPILER_APPICON_NAME = AppIcon;
				INFOPLIST_FILE = barCoda/Info.plist;
				LD_RUNPATH_SEARCH_PATHS = "$(inherited) @executable_path/Frameworks";
				PRODUCT_BUNDLE_IDENTIFIER = com.Trial.barCoda;
				PRODUCT_NAME = "$(TARGET_NAME)";
			};
			name = Release;
		};
/* End XCBuildConfiguration section */

/* Begin XCConfigurationList section */
		9F167FB91D086BEE006BBC44 /* Build configuration list for PBXProject "barCoda" */ = {
			isa = XCConfigurationList;
			buildConfigurations = (
				9F167FD31D086BEE006BBC44 /* Debug */,
				9F167FD41D086BEE006BBC44 /* Release */,
			);
			defaultConfigurationIsVisible = 0;
			defaultConfigurationName = Release;
		};
		9F167FD51D086BEE006BBC44 /* Build configuration list for PBXNativeTarget "barCoda" */ = {
			isa = XCConfigurationList;
			buildConfigurations = (
				9F167FD61D086BEE006BBC44 /* Debug */,
				9F167FD71D086BEE006BBC44 /* Release */,
			);
			defaultConfigurationIsVisible = 0;
		};
/* End XCConfigurationList section */
	};
	rootObject = 9F167FB61D086BEE006BBC44 /* Project object */;
}
